
Microsoft Visual Studio Solution File, Format Version 12.00
# Visual Studio Version 17
VisualStudioVersion = 17.0.31912.275
MinimumVisualStudioVersion = 10.0.40219.1
Project("{FAE04EC0-301F-11D3-BF4B-00C04F79EFBC}") = "EmployeeManagement", "EmployeeManagement\EmployeeManagement.csproj", "{2C4AF365-B7FF-4F36-ADDE-1DDE51F62129}"
EndProject
Global
	GlobalSection(SolutionConfigurationPlatforms) = preSolution
		Debug|Any CPU = Debug|Any CPU
		Release|Any CPU = Release|Any CPU
	EndGlobalSection
	GlobalSection(ProjectConfigurationPlatforms) = postSolution
		{2C4AF365-B7FF-4F36-ADDE-1DDE51F62129}.Debug|Any CPU.ActiveCfg = Debug|Any CPU
		{2C4AF365-B7FF-4F36-ADDE-1DDE51F62129}.Debug|Any CPU.Build.0 = Debug|Any CPU
		{2C4AF365-B7FF-4F36-ADDE-1DDE51F62129}.Release|Any CPU.ActiveCfg = Release|Any CPU
		{2C4AF365-B7FF-4F36-ADDE-1DDE51F62129}.Release|Any CPU.Build.0 = Release|Any CPU
	EndGlobalSection
	GlobalSection(SolutionProperties) = preSolution
		HideSolutionNode = FALSE
	EndGlobalSection
	GlobalSection(ExtensibilityGlobals) = postSolution
		SolutionGuid = {7CF383BA-8A02-4649-88C9-1A9468F06443}
	EndGlobalSection
EndGlobal
